
Microsoft Visual Studio Solution File, Format Version 12.00
# Visual Studio Version 17
VisualStudioVersion = 17.10.35027.167
MinimumVisualStudioVersion = 10.0.40219.1
Project("{FAE04EC0-301F-11D3-BF4B-00C04F79EFBC}") = "ASP.NET_Homework4", "ASP.NET_Homework4\ASP.NET_Homework4.csproj", "{BC8B942B-0169-439F-90A8-046D3E708899}"
EndProject
Global
	GlobalSection(SolutionConfigurationPlatforms) = preSolution
		Debug|Any CPU = Debug|Any CPU
		Release|Any CPU = Release|Any CPU
	EndGlobalSection
	GlobalSection(ProjectConfigurationPlatforms) = postSolution
		{BC8B942B-0169-439F-90A8-046D3E708899}.Debug|Any CPU.ActiveCfg = Debug|Any CPU
		{BC8B942B-0169-439F-90A8-046D3E708899}.Debug|Any CPU.Build.0 = Debug|Any CPU
		{BC8B942B-0169-439F-90A8-046D3E708899}.Release|Any CPU.ActiveCfg = Release|Any CPU
		{BC8B942B-0169-439F-90A8-046D3E708899}.Release|Any CPU.Build.0 = Release|Any CPU
	EndGlobalSection
	GlobalSection(SolutionProperties) = preSolution
		HideSolutionNode = FALSE
	EndGlobalSection
	GlobalSection(ExtensibilityGlobals) = postSolution
		SolutionGuid = {5C115742-E473-4BEC-9233-64BD07A7C127}
	EndGlobalSection
EndGlobal
